
Microsoft Visual Studio Solution File, Format Version 12.00
# Visual Studio Version 17
VisualStudioVersion = 17.8.34511.84
MinimumVisualStudioVersion = 10.0.40219.1
Project("{2150E333-8FDC-42A3-9474-1A3956D46DE8}") = "1. Basic Knowledge", "1. Basic Knowledge", "{B895CB1A-26B1-41CD-B946-E78D887B3E48}"
EndProject
Project("{9A19103F-16F7-4668-BE54-9A1E7A4F7556}") = "1.Datatypes", "1.Datatypes\1.Datatypes.csproj", "{4D3096E8-CE84-4F36-8DCD-18E3096EE9A0}"
EndProject
Project("{9A19103F-16F7-4668-BE54-9A1E7A4F7556}") = "2.ValueTypeAndRefType", "2.ValueType_RefType\2.ValueTypeAndRefType.csproj", "{2D2DF2CF-1BF7-4ABD-9ED8-B92C5524606B}"
EndProject
Project("{9A19103F-16F7-4668-BE54-9A1E7A4F7556}") = "3.String", "3.String\3.String.csproj", "{58CDA24F-25EF-41E2-A868-7A8FF3C7F267}"
EndProject
Project("{9A19103F-16F7-4668-BE54-9A1E7A4F7556}") = "4.Array", "4.Sorting\4.Array.csproj", "{CC6D5A8B-4590-49B3-B8AF-554AC7ACBCDC}"
EndProject
Project("{9A19103F-16F7-4668-BE54-9A1E7A4F7556}") = "5.List", "5.List\5.List.csproj", "{46EE9893-74E9-4F6C-83AE-6349BFD3EADE}"
EndProject
Project("{9A19103F-16F7-4668-BE54-9A1E7A4F7556}") = "1.AsynchronousProgramming", "6.AsynchronousProgramming\1.AsynchronousProgramming.csproj", "{9FDEB0CA-AA00-4A1C-9253-5C46D1AC4241}"
EndProject
Project("{9A19103F-16F7-4668-BE54-9A1E7A4F7556}") = "7.Generic", "7.Generic\7.Generic.csproj", "{3582831C-275E-4385-B489-C7C99E1BFB71}"
EndProject
Project("{9A19103F-16F7-4668-BE54-9A1E7A4F7556}") = "8.Delegate", "8.Delegate\8.Delegate.csproj", "{71F46CAA-8E5F-4E07-B7F3-942067CD0041}"
EndProject
Project("{9A19103F-16F7-4668-BE54-9A1E7A4F7556}") = "2.OOP_Abstract", "9.OOP_Abstract\2.OOP_Abstract.csproj", "{DE3B76DF-1A53-444C-BBF8-91D510948DFA}"
EndProject
Project("{9A19103F-16F7-4668-BE54-9A1E7A4F7556}") = "3.OOP_Encapsulation", "10.OOP_Encapsulation\3.OOP_Encapsulation.csproj", "{72B4A07D-9143-4B55-A01B-64FC7B03A96B}"
EndProject
Project("{2150E333-8FDC-42A3-9474-1A3956D46DE8}") = "2. Advance Knowledge", "2. Advance Knowledge", "{9C2B2BB7-FD4F-4E35-B875-CD3382FFAC2B}"
EndProject
Project("{9A19103F-16F7-4668-BE54-9A1E7A4F7556}") = "4.Inheritence", "4.Inheritence\4.Inheritence.csproj", "{7B8202AF-AF4D-4A14-8022-87D04B227BAC}"
EndProject
Project("{9A19103F-16F7-4668-BE54-9A1E7A4F7556}") = "5.Polymorphism", "5.Polymorphism\5.Polymorphism.csproj", "{E49CB313-C92F-4BCB-8C8C-DFE71F29C87E}"
EndProject
Project("{2150E333-8FDC-42A3-9474-1A3956D46DE8}") = "3.Assignments", "3.Assignments", "{412087CC-A59D-4AFF-9D54-3BF7145332FF}"
EndProject
Project("{9A19103F-16F7-4668-BE54-9A1E7A4F7556}") = "1.StudentManagementConsole", "StudentManagementConsole\1.StudentManagementConsole.csproj", "{1F5367E0-2C1D-4E6B-9423-597481E78529}"
EndProject
Project("{9A19103F-16F7-4668-BE54-9A1E7A4F7556}") = "2.TodoAppConsole", "2.TodoAppConsole\2.TodoAppConsole.csproj", "{641B23DD-C442-4423-A6B2-699C330097AE}"
EndProject
Project("{9A19103F-16F7-4668-BE54-9A1E7A4F7556}") = "3.ProductManagement_MVC_DatabaseFirst", "3.ProductManagement_MVC_DatabaseFirst\3.ProductManagement_MVC_DatabaseFirst.csproj", "{36B5C2FD-8C8C-42BB-9CF4-C210865DC934}"
EndProject
Project("{9A19103F-16F7-4668-BE54-9A1E7A4F7556}") = "4.StudentsManagement_MVC_CodeFirst", "4.StudentsManagement_MVC_CodeFirst\4.StudentsManagement_MVC_CodeFirst.csproj", "{061E7D51-6792-4AE5-8FE8-4A6B0021B4E2}"
EndProject
Project("{2150E333-8FDC-42A3-9474-1A3956D46DE8}") = "6.DesignPattern", "6.DesignPattern", "{6DD0E9E0-53C8-48FE-9E75-B41604E401D6}"
EndProject
Project("{9A19103F-16F7-4668-BE54-9A1E7A4F7556}") = "DP1.Singleton", "DP1.Singleton\DP1.Singleton.csproj", "{9ACA8246-E2B3-41EE-A215-D2719C28420D}"
EndProject
Project("{9A19103F-16F7-4668-BE54-9A1E7A4F7556}") = "DP2.FactoryMethod", "DP2.FactoryMethod\DP2.FactoryMethod.csproj", "{DD0503EC-2092-4EE7-A0AE-FB24EB3C1554}"
EndProject
Project("{9A19103F-16F7-4668-BE54-9A1E7A4F7556}") = "DP3.Observer", "DP3.Observer\DP3.Observer.csproj", "{86CF6E20-E1F2-4073-8CD6-02DB9A72E8D4}"
EndProject
Project("{9A19103F-16F7-4668-BE54-9A1E7A4F7556}") = "DP4.Strategy", "DP4.Strategy\DP4.Strategy.csproj", "{59622C2A-474B-4509-90A5-243BDAB16B8D}"
EndProject
Project("{9A19103F-16F7-4668-BE54-9A1E7A4F7556}") = "5.DemoDocker", "5.DemoDocker\5.DemoDocker.csproj", "{3A8EACD6-5C2D-461F-828D-7EE94AAD3C6F}"
EndProject
Project("{9A19103F-16F7-4668-BE54-9A1E7A4F7556}") = "6.DemoDockerAPI", "6.DemoDockerAPI\6.DemoDockerAPI.csproj", "{FEE9C635-3B84-43E8-A672-635134B44DA8}"
EndProject
Global
	GlobalSection(SolutionConfigurationPlatforms) = preSolution
		Debug|Any CPU = Debug|Any CPU
		Release|Any CPU = Release|Any CPU
	EndGlobalSection
	GlobalSection(ProjectConfigurationPlatforms) = postSolution
		{4D3096E8-CE84-4F36-8DCD-18E3096EE9A0}.Debug|Any CPU.ActiveCfg = Debug|Any CPU
		{4D3096E8-CE84-4F36-8DCD-18E3096EE9A0}.Debug|Any CPU.Build.0 = Debug|Any CPU
		{4D3096E8-CE84-4F36-8DCD-18E3096EE9A0}.Release|Any CPU.ActiveCfg = Release|Any CPU
		{4D3096E8-CE84-4F36-8DCD-18E3096EE9A0}.Release|Any CPU.Build.0 = Release|Any CPU
		{2D2DF2CF-1BF7-4ABD-9ED8-B92C5524606B}.Debug|Any CPU.ActiveCfg = Debug|Any CPU
		{2D2DF2CF-1BF7-4ABD-9ED8-B92C5524606B}.Debug|Any CPU.Build.0 = Debug|Any CPU
		{2D2DF2CF-1BF7-4ABD-9ED8-B92C5524606B}.Release|Any CPU.ActiveCfg = Release|Any CPU
		{2D2DF2CF-1BF7-4ABD-9ED8-B92C5524606B}.Release|Any CPU.Build.0 = Release|Any CPU
		{58CDA24F-25EF-41E2-A868-7A8FF3C7F267}.Debug|Any CPU.ActiveCfg = Debug|Any CPU
		{58CDA24F-25EF-41E2-A868-7A8FF3C7F267}.Debug|Any CPU.Build.0 = Debug|Any CPU
		{58CDA24F-25EF-41E2-A868-7A8FF3C7F267}.Release|Any CPU.ActiveCfg = Release|Any CPU
		{58CDA24F-25EF-41E2-A868-7A8FF3C7F267}.Release|Any CPU.Build.0 = Release|Any CPU
		{CC6D5A8B-4590-49B3-B8AF-554AC7ACBCDC}.Debug|Any CPU.ActiveCfg = Debug|Any CPU
		{CC6D5A8B-4590-49B3-B8AF-554AC7ACBCDC}.Debug|Any CPU.Build.0 = Debug|Any CPU
		{CC6D5A8B-4590-49B3-B8AF-554AC7ACBCDC}.Release|Any CPU.ActiveCfg = Release|Any CPU
		{CC6D5A8B-4590-49B3-B8AF-554AC7ACBCDC}.Release|Any CPU.Build.0 = Release|Any CPU
		{46EE9893-74E9-4F6C-83AE-6349BFD3EADE}.Debug|Any CPU.ActiveCfg = Debug|Any CPU
		{46EE9893-74E9-4F6C-83AE-6349BFD3EADE}.Debug|Any CPU.Build.0 = Debug|Any CPU
		{46EE9893-74E9-4F6C-83AE-6349BFD3EADE}.Release|Any CPU.ActiveCfg = Release|Any CPU
		{46EE9893-74E9-4F6C-83AE-6349BFD3EADE}.Release|Any CPU.Build.0 = Release|Any CPU
		{9FDEB0CA-AA00-4A1C-9253-5C46D1AC4241}.Debug|Any CPU.ActiveCfg = Debug|Any CPU
		{9FDEB0CA-AA00-4A1C-9253-5C46D1AC4241}.Debug|Any CPU.Build.0 = Debug|Any CPU
		{9FDEB0CA-AA00-4A1C-9253-5C46D1AC4241}.Release|Any CPU.ActiveCfg = Release|Any CPU
		{9FDEB0CA-AA00-4A1C-9253-5C46D1AC4241}.Release|Any CPU.Build.0 = Release|Any CPU
		{3582831C-275E-4385-B489-C7C99E1BFB71}.Debug|Any CPU.ActiveCfg = Debug|Any CPU
		{3582831C-275E-4385-B489-C7C99E1BFB71}.Debug|Any CPU.Build.0 = Debug|Any CPU
		{3582831C-275E-4385-B489-C7C99E1BFB71}.Release|Any CPU.ActiveCfg = Release|Any CPU
		{3582831C-275E-4385-B489-C7C99E1BFB71}.Release|Any CPU.Build.0 = Release|Any CPU
		{71F46CAA-8E5F-4E07-B7F3-942067CD0041}.Debug|Any CPU.ActiveCfg = Debug|Any CPU
		{71F46CAA-8E5F-4E07-B7F3-942067CD0041}.Debug|Any CPU.Build.0 = Debug|Any CPU
		{71F46CAA-8E5F-4E07-B7F3-942067CD0041}.Release|Any CPU.ActiveCfg = Release|Any CPU
		{71F46CAA-8E5F-4E07-B7F3-942067CD0041}.Release|Any CPU.Build.0 = Release|Any CPU
		{DE3B76DF-1A53-444C-BBF8-91D510948DFA}.Debug|Any CPU.ActiveCfg = Debug|Any CPU
		{DE3B76DF-1A53-444C-BBF8-91D510948DFA}.Debug|Any CPU.Build.0 = Debug|Any CPU
		{DE3B76DF-1A53-444C-BBF8-91D510948DFA}.Release|Any CPU.ActiveCfg = Release|Any CPU
		{DE3B76DF-1A53-444C-BBF8-91D510948DFA}.Release|Any CPU.Build.0 = Release|Any CPU
		{72B4A07D-9143-4B55-A01B-64FC7B03A96B}.Debug|Any CPU.ActiveCfg = Debug|Any CPU
		{72B4A07D-9143-4B55-A01B-64FC7B03A96B}.Debug|Any CPU.Build.0 = Debug|Any CPU
		{72B4A07D-9143-4B55-A01B-64FC7B03A96B}.Release|Any CPU.ActiveCfg = Release|Any CPU
		{72B4A07D-9143-4B55-A01B-64FC7B03A96B}.Release|Any CPU.Build.0 = Release|Any CPU
		{7B8202AF-AF4D-4A14-8022-87D04B227BAC}.Debug|Any CPU.ActiveCfg = Debug|Any CPU
		{7B8202AF-AF4D-4A14-8022-87D04B227BAC}.Debug|Any CPU.Build.0 = Debug|Any CPU
		{7B8202AF-AF4D-4A14-8022-87D04B227BAC}.Release|Any CPU.ActiveCfg = Release|Any CPU
		{7B8202AF-AF4D-4A14-8022-87D04B227BAC}.Release|Any CPU.Build.0 = Release|Any CPU
		{E49CB313-C92F-4BCB-8C8C-DFE71F29C87E}.Debug|Any CPU.ActiveCfg = Debug|Any CPU
		{E49CB313-C92F-4BCB-8C8C-DFE71F29C87E}.Debug|Any CPU.Build.0 = Debug|Any CPU
		{E49CB313-C92F-4BCB-8C8C-DFE71F29C87E}.Release|Any CPU.ActiveCfg = Release|Any CPU
		{E49CB313-C92F-4BCB-8C8C-DFE71F29C87E}.Release|Any CPU.Build.0 = Release|Any CPU
		{1F5367E0-2C1D-4E6B-9423-597481E78529}.Debug|Any CPU.ActiveCfg = Debug|Any CPU
		{1F5367E0-2C1D-4E6B-9423-597481E78529}.Debug|Any CPU.Build.0 = Debug|Any CPU
		{1F5367E0-2C1D-4E6B-9423-597481E78529}.Release|Any CPU.ActiveCfg = Release|Any CPU
		{1F5367E0-2C1D-4E6B-9423-597481E78529}.Release|Any CPU.Build.0 = Release|Any CPU
		{641B23DD-C442-4423-A6B2-699C330097AE}.Debug|Any CPU.ActiveCfg = Debug|Any CPU
		{641B23DD-C442-4423-A6B2-699C330097AE}.Debug|Any CPU.Build.0 = Debug|Any CPU
		{641B23DD-C442-4423-A6B2-699C330097AE}.Release|Any CPU.ActiveCfg = Release|Any CPU
		{641B23DD-C442-4423-A6B2-699C330097AE}.Release|Any CPU.Build.0 = Release|Any CPU
		{36B5C2FD-8C8C-42BB-9CF4-C210865DC934}.Debug|Any CPU.ActiveCfg = Debug|Any CPU
		{36B5C2FD-8C8C-42BB-9CF4-C210865DC934}.Debug|Any CPU.Build.0 = Debug|Any CPU
		{36B5C2FD-8C8C-42BB-9CF4-C210865DC934}.Release|Any CPU.ActiveCfg = Release|Any CPU
		{36B5C2FD-8C8C-42BB-9CF4-C210865DC934}.Release|Any CPU.Build.0 = Release|Any CPU
		{061E7D51-6792-4AE5-8FE8-4A6B0021B4E2}.Debug|Any CPU.ActiveCfg = Debug|Any CPU
		{061E7D51-6792-4AE5-8FE8-4A6B0021B4E2}.Debug|Any CPU.Build.0 = Debug|Any CPU
		{061E7D51-6792-4AE5-8FE8-4A6B0021B4E2}.Release|Any CPU.ActiveCfg = Release|Any CPU
		{061E7D51-6792-4AE5-8FE8-4A6B0021B4E2}.Release|Any CPU.Build.0 = Release|Any CPU
		{9ACA8246-E2B3-41EE-A215-D2719C28420D}.Debug|Any CPU.ActiveCfg = Debug|Any CPU
		{9ACA8246-E2B3-41EE-A215-D2719C28420D}.Debug|Any CPU.Build.0 = Debug|Any CPU
		{9ACA8246-E2B3-41EE-A215-D2719C28420D}.Release|Any CPU.ActiveCfg = Release|Any CPU
		{9ACA8246-E2B3-41EE-A215-D2719C28420D}.Release|Any CPU.Build.0 = Release|Any CPU
		{DD0503EC-2092-4EE7-A0AE-FB24EB3C1554}.Debug|Any CPU.ActiveCfg = Debug|Any CPU
		{DD0503EC-2092-4EE7-A0AE-FB24EB3C1554}.Debug|Any CPU.Build.0 = Debug|Any CPU
		{DD0503EC-2092-4EE7-A0AE-FB24EB3C1554}.Release|Any CPU.ActiveCfg = Release|Any CPU
		{DD0503EC-2092-4EE7-A0AE-FB24EB3C1554}.Release|Any CPU.Build.0 = Release|Any CPU
		{86CF6E20-E1F2-4073-8CD6-02DB9A72E8D4}.Debug|Any CPU.ActiveCfg = Debug|Any CPU
		{86CF6E20-E1F2-4073-8CD6-02DB9A72E8D4}.Debug|Any CPU.Build.0 = Debug|Any CPU
		{86CF6E20-E1F2-4073-8CD6-02DB9A72E8D4}.Release|Any CPU.ActiveCfg = Release|Any CPU
		{86CF6E20-E1F2-4073-8CD6-02DB9A72E8D4}.Release|Any CPU.Build.0 = Release|Any CPU
		{59622C2A-474B-4509-90A5-243BDAB16B8D}.Debug|Any CPU.ActiveCfg = Debug|Any CPU
		{59622C2A-474B-4509-90A5-243BDAB16B8D}.Debug|Any CPU.Build.0 = Debug|Any CPU
		{59622C2A-474B-4509-90A5-243BDAB16B8D}.Release|Any CPU.ActiveCfg = Release|Any CPU
		{59622C2A-474B-4509-90A5-243BDAB16B8D}.Release|Any CPU.Build.0 = Release|Any CPU
		{3A8EACD6-5C2D-461F-828D-7EE94AAD3C6F}.Debug|Any CPU.ActiveCfg = Debug|Any CPU
		{3A8EACD6-5C2D-461F-828D-7EE94AAD3C6F}.Debug|Any CPU.Build.0 = Debug|Any CPU
		{3A8EACD6-5C2D-461F-828D-7EE94AAD3C6F}.Release|Any CPU.ActiveCfg = Release|Any CPU
		{3A8EACD6-5C2D-461F-828D-7EE94AAD3C6F}.Release|Any CPU.Build.0 = Release|Any CPU
		{FEE9C635-3B84-43E8-A672-635134B44DA8}.Debug|Any CPU.ActiveCfg = Debug|Any CPU
		{FEE9C635-3B84-43E8-A672-635134B44DA8}.Debug|Any CPU.Build.0 = Debug|Any CPU
		{FEE9C635-3B84-43E8-A672-635134B44DA8}.Release|Any CPU.ActiveCfg = Release|Any CPU
		{FEE9C635-3B84-43E8-A672-635134B44DA8}.Release|Any CPU.Build.0 = Release|Any CPU
	EndGlobalSection
	GlobalSection(SolutionProperties) = preSolution
		HideSolutionNode = FALSE
	EndGlobalSection
	GlobalSection(NestedProjects) = preSolution
		{4D3096E8-CE84-4F36-8DCD-18E3096EE9A0} = {B895CB1A-26B1-41CD-B946-E78D887B3E48}
		{2D2DF2CF-1BF7-4ABD-9ED8-B92C5524606B} = {B895CB1A-26B1-41CD-B946-E78D887B3E48}
		{58CDA24F-25EF-41E2-A868-7A8FF3C7F267} = {B895CB1A-26B1-41CD-B946-E78D887B3E48}
		{CC6D5A8B-4590-49B3-B8AF-554AC7ACBCDC} = {B895CB1A-26B1-41CD-B946-E78D887B3E48}
		{46EE9893-74E9-4F6C-83AE-6349BFD3EADE} = {B895CB1A-26B1-41CD-B946-E78D887B3E48}
		{9FDEB0CA-AA00-4A1C-9253-5C46D1AC4241} = {9C2B2BB7-FD4F-4E35-B875-CD3382FFAC2B}
		{3582831C-275E-4385-B489-C7C99E1BFB71} = {B895CB1A-26B1-41CD-B946-E78D887B3E48}
		{71F46CAA-8E5F-4E07-B7F3-942067CD0041} = {B895CB1A-26B1-41CD-B946-E78D887B3E48}
		{DE3B76DF-1A53-444C-BBF8-91D510948DFA} = {9C2B2BB7-FD4F-4E35-B875-CD3382FFAC2B}
		{72B4A07D-9143-4B55-A01B-64FC7B03A96B} = {9C2B2BB7-FD4F-4E35-B875-CD3382FFAC2B}
		{7B8202AF-AF4D-4A14-8022-87D04B227BAC} = {9C2B2BB7-FD4F-4E35-B875-CD3382FFAC2B}
		{E49CB313-C92F-4BCB-8C8C-DFE71F29C87E} = {9C2B2BB7-FD4F-4E35-B875-CD3382FFAC2B}
		{1F5367E0-2C1D-4E6B-9423-597481E78529} = {412087CC-A59D-4AFF-9D54-3BF7145332FF}
		{641B23DD-C442-4423-A6B2-699C330097AE} = {412087CC-A59D-4AFF-9D54-3BF7145332FF}
		{36B5C2FD-8C8C-42BB-9CF4-C210865DC934} = {412087CC-A59D-4AFF-9D54-3BF7145332FF}
		{061E7D51-6792-4AE5-8FE8-4A6B0021B4E2} = {412087CC-A59D-4AFF-9D54-3BF7145332FF}
		{6DD0E9E0-53C8-48FE-9E75-B41604E401D6} = {9C2B2BB7-FD4F-4E35-B875-CD3382FFAC2B}
		{9ACA8246-E2B3-41EE-A215-D2719C28420D} = {6DD0E9E0-53C8-48FE-9E75-B41604E401D6}
		{DD0503EC-2092-4EE7-A0AE-FB24EB3C1554} = {6DD0E9E0-53C8-48FE-9E75-B41604E401D6}
		{86CF6E20-E1F2-4073-8CD6-02DB9A72E8D4} = {6DD0E9E0-53C8-48FE-9E75-B41604E401D6}
		{59622C2A-474B-4509-90A5-243BDAB16B8D} = {6DD0E9E0-53C8-48FE-9E75-B41604E401D6}
		{3A8EACD6-5C2D-461F-828D-7EE94AAD3C6F} = {412087CC-A59D-4AFF-9D54-3BF7145332FF}
		{FEE9C635-3B84-43E8-A672-635134B44DA8} = {412087CC-A59D-4AFF-9D54-3BF7145332FF}
	EndGlobalSection
	GlobalSection(ExtensibilityGlobals) = postSolution
		SolutionGuid = {21BC4599-7ADA-4FBE-8BD4-6D4310D6AB51}
	EndGlobalSection
EndGlobal
